
Microsoft Visual Studio Solution File, Format Version 12.00
# Visual Studio 15
VisualStudioVersion = 15.0.26430.15
MinimumVisualStudioVersion = 10.0.40219.1
Project("{2150E333-8FDC-42A3-9474-1A3956D46DE8}") = "Wpf", "Wpf", "{D1A34E0C-B8E8-4294-9714-1089B5E9E89F}"
EndProject
Project("{FAE04EC0-301F-11D3-BF4B-00C04F79EFBC}") = "PopTilesWpf", "Wpf\PopTilesWpf.csproj", "{1E496A44-1D50-4B9B-902E-FC30D23AF264}"
EndProject
Global
	GlobalSection(SolutionConfigurationPlatforms) = preSolution
		Debug|Any CPU = Debug|Any CPU
		Release|Any CPU = Release|Any CPU
	EndGlobalSection
	GlobalSection(ProjectConfigurationPlatforms) = postSolution
		{1E496A44-1D50-4B9B-902E-FC30D23AF264}.Debug|Any CPU.ActiveCfg = Debug|Any CPU
		{1E496A44-1D50-4B9B-902E-FC30D23AF264}.Debug|Any CPU.Build.0 = Debug|Any CPU
		{1E496A44-1D50-4B9B-902E-FC30D23AF264}.Release|Any CPU.ActiveCfg = Release|Any CPU
		{1E496A44-1D50-4B9B-902E-FC30D23AF264}.Release|Any CPU.Build.0 = Release|Any CPU
	EndGlobalSection
	GlobalSection(SolutionProperties) = preSolution
		HideSolutionNode = FALSE
	EndGlobalSection
	GlobalSection(NestedProjects) = preSolution
		{1E496A44-1D50-4B9B-902E-FC30D23AF264} = {D1A34E0C-B8E8-4294-9714-1089B5E9E89F}
	EndGlobalSection
EndGlobal
